// !$*UTF8*$!
{
	archiveVersion = 1;
	classes = {
	};
	objectVersion = 77;
	objects = {

/* Begin PBXContainerItemProxy section */
		04D03D3B2CAE56D60025CD13 /* PBXContainerItemProxy */ = {
			isa = PBXContainerItemProxy;
			containerPortal = 04D03D222CAE56D50025CD13 /* Project object */;
			proxyType = 1;
			remoteGlobalIDString = 04D03D292CAE56D50025CD13;
			remoteInfo = NetworkChecking;
		};
		04D03D452CAE56D60025CD13 /* PBXContainerItemProxy */ = {
			isa = PBXContainerItemProxy;
			containerPortal = 04D03D222CAE56D50025CD13 /* Project object */;
			proxyType = 1;
			remoteGlobalIDString = 04D03D292CAE56D50025CD13;
			remoteInfo = NetworkChecking;
		};
/* End PBXContainerItemProxy section */

/* Begin PBXFileReference section */
		04D03D2A2CAE56D50025CD13 /* NetworkChecking.app */ = {isa = PBXFileReference; explicitFileType = wrapper.application; includeInIndex = 0; path = NetworkChecking.app; sourceTree = BUILT_PRODUCTS_DIR; };
		04D03D3A2CAE56D60025CD13 /* NetworkCheckingTests.xctest */ = {isa = PBXFileReference; explicitFileType = wrapper.cfbundle; includeInIndex = 0; path = NetworkCheckingTests.xctest; sourceTree = BUILT_PRODUCTS_DIR; };
		04D03D442CAE56D60025CD13 /* NetworkCheckingUITests.xctest */ = {isa = PBXFileReference; explicitFileType = wrapper.cfbundle; includeInIndex = 0; path = NetworkCheckingUITests.xctest; sourceTree = BUILT_PRODUCTS_DIR; };
/* End PBXFileReference section */

/* Begin PBXFileSystemSynchronizedRootGroup section */
		04D03D2C2CAE56D50025CD13 /* NetworkChecking */ = {
			isa = PBXFileSystemSynchronizedRootGroup;
			path = NetworkChecking;
			sourceTree = "<group>";
		};
		04D03D3D2CAE56D60025CD13 /* NetworkCheckingTests */ = {
			isa = PBXFileSystemSynchronizedRootGroup;
			path = NetworkCheckingTests;
			sourceTree = "<group>";
		};
		04D03D472CAE56D60025CD13 /* NetworkCheckingUITests */ = {
			isa = PBXFileSystemSynchronizedRootGroup;
			path = NetworkCheckingUITests;
			sourceTree = "<group>";
		};
/* End PBXFileSystemSynchronizedRootGroup section */

/* Begin PBXFrameworksBuildPhase section */
		04D03D272CAE56D50025CD13 /* Frameworks */ = {
			isa = PBXFrameworksBuildPhase;
			buildActionMask = 2147483647;
			files = (
			);
			runOnlyForDeploymentPostprocessing = 0;
		};
		04D03D372CAE56D60025CD13 /* Frameworks */ = {
			isa = PBXFrameworksBuildPhase;
			buildActionMask = 2147483647;
			files = (
			);
			runOnlyForDeploymentPostprocessing = 0;
		};
		04D03D412CAE56D60025CD13 /* Frameworks */ = {
			isa = PBXFrameworksBuildPhase;
			buildActionMask = 2147483647;
			files = (
			);
			runOnlyForDeploymentPostprocessing = 0;
		};
/* End PBXFrameworksBuildPhase section */

/* Begin PBXGroup section */
		04D03D212CAE56D50025CD13 = {
			isa = PBXGroup;
			children = (
				04D03D2C2CAE56D50025CD13 /* NetworkChecking */,
				04D03D3D2CAE56D60025CD13 /* NetworkCheckingTests */,
				04D03D472CAE56D60025CD13 /* NetworkCheckingUITests */,
				04D03D2B2CAE56D50025CD13 /* Products */,
			);
			sourceTree = "<group>";
		};
		04D03D2B2CAE56D50025CD13 /* Products */ = {
			isa = PBXGroup;
			children = (
				04D03D2A2CAE56D50025CD13 /* NetworkChecking.app */,
				04D03D3A2CAE56D60025CD13 /* NetworkCheckingTests.xctest */,
				04D03D442CAE56D60025CD13 /* NetworkCheckingUITests.xctest */,
			);
			name = Products;
			sourceTree = "<group>";
		};
/* End PBXGroup section */

/* Begin PBXNativeTarget section */
		04D03D292CAE56D50025CD13 /* NetworkChecking */ = {
			isa = PBXNativeTarget;
			buildConfigurationList = 04D03D4E2CAE56D60025CD13 /* Build configuration list for PBXNativeTarget "NetworkChecking" */;
			buildPhases = (
				04D03D262CAE56D50025CD13 /* Sources */,
				04D03D272CAE56D50025CD13 /* Frameworks */,
				04D03D282CAE56D50025CD13 /* Resources */,
			);
			buildRules = (
			);
			dependencies = (
			);
			fileSystemSynchronizedGroups = (
				04D03D2C2CAE56D50025CD13 /* NetworkChecking */,
			);
			name = NetworkChecking;
			packageProductDependencies = (
			);
			productName = NetworkChecking;
			productReference = 04D03D2A2CAE56D50025CD13 /* NetworkChecking.app */;
			productType = "com.apple.product-type.application";
		};
		04D03D392CAE56D60025CD13 /* NetworkCheckingTests */ = {
			isa = PBXNativeTarget;
			buildConfigurationList = 04D03D512CAE56D60025CD13 /* Build configuration list for PBXNativeTarget "NetworkCheckingTests" */;
			buildPhases = (
				04D03D362CAE56D60025CD13 /* Sources */,
				04D03D372CAE56D60025CD13 /* Frameworks */,
				04D03D382CAE56D60025CD13 /* Resources */,
			);
			buildRules = (
			);
			dependencies = (
				04D03D3C2CAE56D60025CD13 /* PBXTargetDependency */,
			);
			fileSystemSynchronizedGroups = (
				04D03D3D2CAE56D60025CD13 /* NetworkCheckingTests */,
			);
			name = NetworkCheckingTests;
			packageProductDependencies = (
			);
			productName = NetworkCheckingTests;
			productReference = 04D03D3A2CAE56D60025CD13 /* NetworkCheckingTests.xctest */;
			productType = "com.apple.product-type.bundle.unit-test";
		};
		04D03D432CAE56D60025CD13 /* NetworkCheckingUITests */ = {
			isa = PBXNativeTarget;
			buildConfigurationList = 04D03D542CAE56D60025CD13 /* Build configuration list for PBXNativeTarget "NetworkCheckingUITests" */;
			buildPhases = (
				04D03D402CAE56D60025CD13 /* Sources */,
				04D03D412CAE56D60025CD13 /* Frameworks */,
				04D03D422CAE56D60025CD13 /* Resources */,
			);
			buildRules = (
			);
			dependencies = (
				04D03D462CAE56D60025CD13 /* PBXTargetDependency */,
			);
			fileSystemSynchronizedGroups = (
				04D03D472CAE56D60025CD13 /* NetworkCheckingUITests */,
			);
			name = NetworkCheckingUITests;
			packageProductDependencies = (
			);
			productName = NetworkCheckingUITests;
			productReference = 04D03D442CAE56D60025CD13 /* NetworkCheckingUITests.xctest */;
			productType = "com.apple.product-type.bundle.ui-testing";
		};
/* End PBXNativeTarget section */

/* Begin PBXProject section */
		04D03D222CAE56D50025CD13 /* Project object */ = {
			isa = PBXProject;
			attributes = {
				BuildIndependentTargetsInParallel = 1;
				LastSwiftUpdateCheck = 1600;
				LastUpgradeCheck = 1600;
				TargetAttributes = {
					04D03D292CAE56D50025CD13 = {
						CreatedOnToolsVersion = 16.0;
					};
					04D03D392CAE56D60025CD13 = {
						CreatedOnToolsVersion = 16.0;
						TestTargetID = 04D03D292CAE56D50025CD13;
					};
					04D03D432CAE56D60025CD13 = {
						CreatedOnToolsVersion = 16.0;
						TestTargetID = 04D03D292CAE56D50025CD13;
					};
				};
			};
			buildConfigurationList = 04D03D252CAE56D50025CD13 /* Build configuration list for PBXProject "NetworkChecking" */;
			developmentRegion = en;
			hasScannedForEncodings = 0;
			knownRegions = (
				en,
				Base,
			);
			mainGroup = 04D03D212CAE56D50025CD13;
			minimizedProjectReferenceProxies = 1;
			preferredProjectObjectVersion = 77;
			productRefGroup = 04D03D2B2CAE56D50025CD13 /* Products */;
			projectDirPath = "";
			projectRoot = "";
			targets = (
				04D03D292CAE56D50025CD13 /* NetworkChecking */,
				04D03D392CAE56D60025CD13 /* NetworkCheckingTests */,
				04D03D432CAE56D60025CD13 /* NetworkCheckingUITests */,
			);
		};
/* End PBXProject section */

/* Begin PBXResourcesBuildPhase section */
		04D03D282CAE56D50025CD13 /* Resources */ = {
			isa = PBXResourcesBuildPhase;
			buildActionMask = 2147483647;
			files = (
			);
			runOnlyForDeploymentPostprocessing = 0;
		};
		04D03D382CAE56D60025CD13 /* Resources */ = {
			isa = PBXResourcesBuildPhase;
			buildActionMask = 2147483647;
			files = (
			);
			runOnlyForDeploymentPostprocessing = 0;
		};
		04D03D422CAE56D60025CD13 /* Resources */ = {
			isa = PBXResourcesBuildPhase;
			buildActionMask = 2147483647;
			files = (
			);
			runOnlyForDeploymentPostprocessing = 0;
		};
/* End PBXResourcesBuildPhase section */

/* Begin PBXSourcesBuildPhase section */
		04D03D262CAE56D50025CD13 /* Sources */ = {
			isa = PBXSourcesBuildPhase;
			buildActionMask = 2147483647;
			files = (
			);
			runOnlyForDeploymentPostprocessing = 0;
		};
		04D03D362CAE56D60025CD13 /* Sources */ = {
			isa = PBXSourcesBuildPhase;
			buildActionMask = 2147483647;
			files = (
			);
			runOnlyForDeploymentPostprocessing = 0;
		};
		04D03D402CAE56D60025CD13 /* Sources */ = {
			isa = PBXSourcesBuildPhase;
			buildActionMask = 2147483647;
			files = (
			);
			runOnlyForDeploymentPostprocessing = 0;
		};
/* End PBXSourcesBuildPhase section */

/* Begin PBXTargetDependency section */
		04D03D3C2CAE56D60025CD13 /* PBXTargetDependency */ = {
			isa = PBXTargetDependency;
			target = 04D03D292CAE56D50025CD13 /* NetworkChecking */;
			targetProxy = 04D03D3B2CAE56D60025CD13 /* PBXContainerItemProxy */;
		};
		04D03D462CAE56D60025CD13 /* PBXTargetDependency */ = {
			isa = PBXTargetDependency;
			target = 04D03D292CAE56D50025CD13 /* NetworkChecking */;
			targetProxy = 04D03D452CAE56D60025CD13 /* PBXContainerItemProxy */;
		};
/* End PBXTargetDependency section */

/* Begin XCBuildConfiguration section */
		04D03D4C2CAE56D60025CD13 /* Debug */ = {
			isa = XCBuildConfiguration;
			buildSettings = {
				ALWAYS_SEARCH_USER_PATHS = NO;
				ASSETCATALOG_COMPILER_GENERATE_SWIFT_ASSET_SYMBOL_EXTENSIONS = YES;
				CLANG_ANALYZER_NONNULL = YES;
				CLANG_ANALYZER_NUMBER_OBJECT_CONVERSION = YES_AGGRESSIVE;
				CLANG_CXX_LANGUAGE_STANDARD = "gnu++20";
				CLANG_ENABLE_MODULES = YES;
				CLANG_ENABLE_OBJC_ARC = YES;
				CLANG_ENABLE_OBJC_WEAK = YES;
				CLANG_WARN_BLOCK_CAPTURE_AUTORELEASING = YES;
				CLANG_WARN_BOOL_CONVERSION = YES;
				CLANG_WARN_COMMA = YES;
				CLANG_WARN_CONSTANT_CONVERSION = YES;
				CLANG_WARN_DEPRECATED_OBJC_IMPLEMENTATIONS = YES;
				CLANG_WARN_DIRECT_OBJC_ISA_USAGE = YES_ERROR;
				CLANG_WARN_DOCUMENTATION_COMMENTS = YES;
				CLANG_WARN_EMPTY_BODY = YES;
				CLANG_WARN_ENUM_CONVERSION = YES;
				CLANG_WARN_INFINITE_RECURSION = YES;
				CLANG_WARN_INT_CONVERSION = YES;
				CLANG_WARN_NON_LITERAL_NULL_CONVERSION = YES;
				CLANG_WARN_OBJC_IMPLICIT_RETAIN_SELF = YES;
				CLANG_WARN_OBJC_LITERAL_CONVERSION = YES;
				CLANG_WARN_OBJC_ROOT_CLASS = YES_ERROR;
				CLANG_WARN_QUOTED_INCLUDE_IN_FRAMEWORK_HEADER = YES;
				CLANG_WARN_RANGE_LOOP_ANALYSIS = YES;
				CLANG_WARN_STRICT_PROTOTYPES = YES;
				CLANG_WARN_SUSPICIOUS_MOVE = YES;
				CLANG_WARN_UNGUARDED_AVAILABILITY = YES_AGGRESSIVE;
				CLANG_WARN_UNREACHABLE_CODE = YES;
				CLANG_WARN__DUPLICATE_METHOD_MATCH = YES;
				COPY_PHASE_STRIP = NO;
				DEBUG_INFORMATION_FORMAT = dwarf;
				ENABLE_STRICT_OBJC_MSGSEND = YES;
				ENABLE_TESTABILITY = YES;
				ENABLE_USER_SCRIPT_SANDBOXING = YES;
				GCC_C_LANGUAGE_STANDARD = gnu17;
				GCC_DYNAMIC_NO_PIC = NO;
				GCC_NO_COMMON_BLOCKS = YES;
				GCC_OPTIMIZATION_LEVEL = 0;
				GCC_PREPROCESSOR_DEFINITIONS = (
					"DEBUG=1",
					"$(inherited)",
				);
				GCC_WARN_64_TO_32_BIT_CONVERSION = YES;
				GCC_WARN_ABOUT_RETURN_TYPE = YES_ERROR;
				GCC_WARN_UNDECLARED_SELECTOR = YES;
				GCC_WARN_UNINITIALIZED_AUTOS = YES_AGGRESSIVE;
				GCC_WARN_UNUSED_FUNCTION = YES;
				GCC_WARN_UNUSED_VARIABLE = YES;
				IPHONEOS_DEPLOYMENT_TARGET = 18.0;
				LOCALIZATION_PREFERS_STRING_CATALOGS = YES;
				MTL_ENABLE_DEBUG_INFO = INCLUDE_SOURCE;
				MTL_FAST_MATH = YES;
				ONLY_ACTIVE_ARCH = YES;
				SDKROOT = iphoneos;
				SWIFT_ACTIVE_COMPILATION_CONDITIONS = "DEBUG $(inherited)";
				SWIFT_OPTIMIZATION_LEVEL = "-Onone";
			};
			name = Debug;
		};
		04D03D4D2CAE56D60025CD13 /* Release */ = {
			isa = XCBuildConfiguration;
			buildSettings = {
				ALWAYS_SEARCH_USER_PATHS = NO;
				ASSETCATALOG_COMPILER_GENERATE_SWIFT_ASSET_SYMBOL_EXTENSIONS = YES;
				CLANG_ANALYZER_NONNULL = YES;
				CLANG_ANALYZER_NUMBER_OBJECT_CONVERSION = YES_AGGRESSIVE;
				CLANG_CXX_LANGUAGE_STANDARD = "gnu++20";
				CLANG_ENABLE_MODULES = YES;
				CLANG_ENABLE_OBJC_ARC = YES;
				CLANG_ENABLE_OBJC_WEAK = YES;
				CLANG_WARN_BLOCK_CAPTURE_AUTORELEASING = YES;
				CLANG_WARN_BOOL_CONVERSION = YES;
				CLANG_WARN_COMMA = YES;
				CLANG_WARN_CONSTANT_CONVERSION = YES;
				CLANG_WARN_DEPRECATED_OBJC_IMPLEMENTATIONS = YES;
				CLANG_WARN_DIRECT_OBJC_ISA_USAGE = YES_ERROR;
				CLANG_WARN_DOCUMENTATION_COMMENTS = YES;
				CLANG_WARN_EMPTY_BODY = YES;
				CLANG_WARN_ENUM_CONVERSION = YES;
				CLANG_WARN_INFINITE_RECURSION = YES;
				CLANG_WARN_INT_CONVERSION = YES;
				CLANG_WARN_NON_LITERAL_NULL_CONVERSION = YES;
				CLANG_WARN_OBJC_IMPLICIT_RETAIN_SELF = YES;
				CLANG_WARN_OBJC_LITERAL_CONVERSION = YES;
				CLANG_WARN_OBJC_ROOT_CLASS = YES_ERROR;
				CLANG_WARN_QUOTED_INCLUDE_IN_FRAMEWORK_HEADER = YES;
				CLANG_WARN_RANGE_LOOP_ANALYSIS = YES;
				CLANG_WARN_STRICT_PROTOTYPES = YES;
				CLANG_WARN_SUSPICIOUS_MOVE = YES;
				CLANG_WARN_UNGUARDED_AVAILABILITY = YES_AGGRESSIVE;
				CLANG_WARN_UNREACHABLE_CODE = YES;
				CLANG_WARN__DUPLICATE_METHOD_MATCH = YES;
				COPY_PHASE_STRIP = NO;
				DEBUG_INFORMATION_FORMAT = "dwarf-with-dsym";
				ENABLE_NS_ASSERTIONS = NO;
				ENABLE_STRICT_OBJC_MSGSEND = YES;
				ENABLE_USER_SCRIPT_SANDBOXING = YES;
				GCC_C_LANGUAGE_STANDARD = gnu17;
				GCC_NO_COMMON_BLOCKS = YES;
				GCC_WARN_64_TO_32_BIT_CONVERSION = YES;
				GCC_WARN_ABOUT_RETURN_TYPE = YES_ERROR;
				GCC_WARN_UNDECLARED_SELECTOR = YES;
				GCC_WARN_UNINITIALIZED_AUTOS = YES_AGGRESSIVE;
				GCC_WARN_UNUSED_FUNCTION = YES;
				GCC_WARN_UNUSED_VARIABLE = YES;
				IPHONEOS_DEPLOYMENT_TARGET = 18.0;
				LOCALIZATION_PREFERS_STRING_CATALOGS = YES;
				MTL_ENABLE_DEBUG_INFO = NO;
				MTL_FAST_MATH = YES;
				SDKROOT = iphoneos;
				SWIFT_COMPILATION_MODE = wholemodule;
				VALIDATE_PRODUCT = YES;
			};
			name = Release;
		};
		04D03D4F2CAE56D60025CD13 /* Debug */ = {
			isa = XCBuildConfiguration;
			buildSettings = {
				ASSETCATALOG_COMPILER_APPICON_NAME = AppIcon;
				ASSETCATALOG_COMPILER_GLOBAL_ACCENT_COLOR_NAME = AccentColor;
				CODE_SIGN_STYLE = Automatic;
				CURRENT_PROJECT_VERSION = 1;
				DEVELOPMENT_ASSET_PATHS = "\"NetworkChecking/Preview Content\"";
				ENABLE_PREVIEWS = YES;
				GENERATE_INFOPLIST_FILE = YES;
				INFOPLIST_KEY_UIApplicationSceneManifest_Generation = YES;
				INFOPLIST_KEY_UIApplicationSupportsIndirectInputEvents = YES;
				INFOPLIST_KEY_UILaunchScreen_Generation = YES;
				INFOPLIST_KEY_UISupportedInterfaceOrientations_iPad = "UIInterfaceOrientationPortrait UIInterfaceOrientationPortraitUpsideDown UIInterfaceOrientationLandscapeLeft UIInterfaceOrientationLandscapeRight";
				INFOPLIST_KEY_UISupportedInterfaceOrientations_iPhone = "UIInterfaceOrientationPortrait UIInterfaceOrientationLandscapeLeft UIInterfaceOrientationLandscapeRight";
				LD_RUNPATH_SEARCH_PATHS = (
					"$(inherited)",
					"@executable_path/Frameworks",
				);
				MARKETING_VERSION = 1.0;
				PRODUCT_BUNDLE_IDENTIFIER = com.buildwithrisyad.NetworkChecking;
				PRODUCT_NAME = "$(TARGET_NAME)";
				SWIFT_EMIT_LOC_STRINGS = YES;
				SWIFT_VERSION = 5.0;
				TARGETED_DEVICE_FAMILY = "1,2";
			};
			name = Debug;
		};
		04D03D502CAE56D60025CD13 /* Release */ = {
			isa = XCBuildConfiguration;
			buildSettings = {
				ASSETCATALOG_COMPILER_APPICON_NAME = AppIcon;
				ASSETCATALOG_COMPILER_GLOBAL_ACCENT_COLOR_NAME = AccentColor;
				CODE_SIGN_STYLE = Automatic;
				CURRENT_PROJECT_VERSION = 1;
				DEVELOPMENT_ASSET_PATHS = "\"NetworkChecking/Preview Content\"";
				ENABLE_PREVIEWS = YES;
				GENERATE_INFOPLIST_FILE = YES;
				INFOPLIST_KEY_UIApplicationSceneManifest_Generation = YES;
				INFOPLIST_KEY_UIApplicationSupportsIndirectInputEvents = YES;
				INFOPLIST_KEY_UILaunchScreen_Generation = YES;
				INFOPLIST_KEY_UISupportedInterfaceOrientations_iPad = "UIInterfaceOrientationPortrait UIInterfaceOrientationPortraitUpsideDown UIInterfaceOrientationLandscapeLeft UIInterfaceOrientationLandscapeRight";
				INFOPLIST_KEY_UISupportedInterfaceOrientations_iPhone = "UIInterfaceOrientationPortrait UIInterfaceOrientationLandscapeLeft UIInterfaceOrientationLandscapeRight";
				LD_RUNPATH_SEARCH_PATHS = (
					"$(inherited)",
					"@executable_path/Frameworks",
				);
				MARKETING_VERSION = 1.0;
				PRODUCT_BUNDLE_IDENTIFIER = com.buildwithrisyad.NetworkChecking;
				PRODUCT_NAME = "$(TARGET_NAME)";
				SWIFT_EMIT_LOC_STRINGS = YES;
				SWIFT_VERSION = 5.0;
				TARGETED_DEVICE_FAMILY = "1,2";
			};
			name = Release;
		};
		04D03D522CAE56D60025CD13 /* Debug */ = {
			isa = XCBuildConfiguration;
			buildSettings = {
				BUNDLE_LOADER = "$(TEST_HOST)";
				CODE_SIGN_STYLE = Automatic;
				CURRENT_PROJECT_VERSION = 1;
				GENERATE_INFOPLIST_FILE = YES;
				IPHONEOS_DEPLOYMENT_TARGET = 18.0;
				MARKETING_VERSION = 1.0;
				PRODUCT_BUNDLE_IDENTIFIER = com.buildwithrisyad.NetworkCheckingTests;
				PRODUCT_NAME = "$(TARGET_NAME)";
				SWIFT_EMIT_LOC_STRINGS = NO;
				SWIFT_VERSION = 5.0;
				TARGETED_DEVICE_FAMILY = "1,2";
				TEST_HOST = "$(BUILT_PRODUCTS_DIR)/NetworkChecking.app/$(BUNDLE_EXECUTABLE_FOLDER_PATH)/NetworkChecking";
			};
			name = Debug;
		};
		04D03D532CAE56D60025CD13 /* Release */ = {
			isa = XCBuildConfiguration;
			buildSettings = {
				BUNDLE_LOADER = "$(TEST_HOST)";
				CODE_SIGN_STYLE = Automatic;
				CURRENT_PROJECT_VERSION = 1;
				GENERATE_INFOPLIST_FILE = YES;
				IPHONEOS_DEPLOYMENT_TARGET = 18.0;
				MARKETING_VERSION = 1.0;
				PRODUCT_BUNDLE_IDENTIFIER = com.buildwithrisyad.NetworkCheckingTests;
				PRODUCT_NAME = "$(TARGET_NAME)";
				SWIFT_EMIT_LOC_STRINGS = NO;
				SWIFT_VERSION = 5.0;
				TARGETED_DEVICE_FAMILY = "1,2";
				TEST_HOST = "$(BUILT_PRODUCTS_DIR)/NetworkChecking.app/$(BUNDLE_EXECUTABLE_FOLDER_PATH)/NetworkChecking";
			};
			name = Release;
		};
		04D03D552CAE56D60025CD13 /* Debug */ = {
			isa = XCBuildConfiguration;
			buildSettings = {
				CODE_SIGN_STYLE = Automatic;
				CURRENT_PROJECT_VERSION = 1;
				GENERATE_INFOPLIST_FILE = YES;
				MARKETING_VERSION = 1.0;
				PRODUCT_BUNDLE_IDENTIFIER = com.buildwithrisyad.NetworkCheckingUITests;
				PRODUCT_NAME = "$(TARGET_NAME)";
				SWIFT_EMIT_LOC_STRINGS = NO;
				SWIFT_VERSION = 5.0;
				TARGETED_DEVICE_FAMILY = "1,2";
				TEST_TARGET_NAME = NetworkChecking;
			};
			name = Debug;
		};
		04D03D562CAE56D60025CD13 /* Release */ = {
			isa = XCBuildConfiguration;
			buildSettings = {
				CODE_SIGN_STYLE = Automatic;
				CURRENT_PROJECT_VERSION = 1;
				GENERATE_INFOPLIST_FILE = YES;
				MARKETING_VERSION = 1.0;
				PRODUCT_BUNDLE_IDENTIFIER = com.buildwithrisyad.NetworkCheckingUITests;
				PRODUCT_NAME = "$(TARGET_NAME)";
				SWIFT_EMIT_LOC_STRINGS = NO;
				SWIFT_VERSION = 5.0;
				TARGETED_DEVICE_FAMILY = "1,2";
				TEST_TARGET_NAME = NetworkChecking;
			};
			name = Release;
		};
/* End XCBuildConfiguration section */

/* Begin XCConfigurationList section */
		04D03D252CAE56D50025CD13 /* Build configuration list for PBXProject "NetworkChecking" */ = {
			isa = XCConfigurationList;
			buildConfigurations = (
				04D03D4C2CAE56D60025CD13 /* Debug */,
				04D03D4D2CAE56D60025CD13 /* Release */,
			);
			defaultConfigurationIsVisible = 0;
			defaultConfigurationName = Release;
		};
		04D03D4E2CAE56D60025CD13 /* Build configuration list for PBXNativeTarget "NetworkChecking" */ = {
			isa = XCConfigurationList;
			buildConfigurations = (
				04D03D4F2CAE56D60025CD13 /* Debug */,
				04D03D502CAE56D60025CD13 /* Release */,
			);
			defaultConfigurationIsVisible = 0;
			defaultConfigurationName = Release;
		};
		04D03D512CAE56D60025CD13 /* Build configuration list for PBXNativeTarget "NetworkCheckingTests" */ = {
			isa = XCConfigurationList;
			buildConfigurations = (
				04D03D522CAE56D60025CD13 /* Debug */,
				04D03D532CAE56D60025CD13 /* Release */,
			);
			defaultConfigurationIsVisible = 0;
			defaultConfigurationName = Release;
		};
		04D03D542CAE56D60025CD13 /* Build configuration list for PBXNativeTarget "NetworkCheckingUITests" */ = {
			isa = XCConfigurationList;
			buildConfigurations = (
				04D03D552CAE56D60025CD13 /* Debug */,
				04D03D562CAE56D60025CD13 /* Release */,
			);
			defaultConfigurationIsVisible = 0;
			defaultConfigurationName = Release;
		};
/* End XCConfigurationList section */
	};
	rootObject = 04D03D222CAE56D50025CD13 /* Project object */;
}
